
Microsoft Visual Studio Solution File, Format Version 12.00
Project("{FAE04EC0-301F-11D3-BF4B-00C04F79EFBC}") = "CC38", "CC38\CC38.csproj", "{587E5F53-3926-44D3-A740-7F6B55FD7D72}"
EndProject
Global
	GlobalSection(SolutionConfigurationPlatforms) = preSolution
		Debug|Any CPU = Debug|Any CPU
		Release|Any CPU = Release|Any CPU
	EndGlobalSection
	GlobalSection(ProjectConfigurationPlatforms) = postSolution
		{587E5F53-3926-44D3-A740-7F6B55FD7D72}.Debug|Any CPU.ActiveCfg = Debug|Any CPU
		{587E5F53-3926-44D3-A740-7F6B55FD7D72}.Debug|Any CPU.Build.0 = Debug|Any CPU
		{587E5F53-3926-44D3-A740-7F6B55FD7D72}.Release|Any CPU.ActiveCfg = Release|Any CPU
		{587E5F53-3926-44D3-A740-7F6B55FD7D72}.Release|Any CPU.Build.0 = Release|Any CPU
	EndGlobalSection
EndGlobal
