
Microsoft Visual Studio Solution File, Format Version 12.00
# Visual Studio Version 17
VisualStudioVersion = 17.7.34031.279
MinimumVisualStudioVersion = 10.0.40219.1
Project("{FAE04EC0-301F-11D3-BF4B-00C04F79EFBC}") = "MarsMission", "MarsMission\MarsMission.csproj", "{875695D9-D432-4D37-813F-8FD811EC2538}"
EndProject
Global
	GlobalSection(SolutionConfigurationPlatforms) = preSolution
		Debug|Any CPU = Debug|Any CPU
		Release|Any CPU = Release|Any CPU
	EndGlobalSection
	GlobalSection(ProjectConfigurationPlatforms) = postSolution
		{875695D9-D432-4D37-813F-8FD811EC2538}.Debug|Any CPU.ActiveCfg = Debug|Any CPU
		{875695D9-D432-4D37-813F-8FD811EC2538}.Debug|Any CPU.Build.0 = Debug|Any CPU
		{875695D9-D432-4D37-813F-8FD811EC2538}.Release|Any CPU.ActiveCfg = Release|Any CPU
		{875695D9-D432-4D37-813F-8FD811EC2538}.Release|Any CPU.Build.0 = Release|Any CPU
	EndGlobalSection
	GlobalSection(SolutionProperties) = preSolution
		HideSolutionNode = FALSE
	EndGlobalSection
	GlobalSection(ExtensibilityGlobals) = postSolution
		SolutionGuid = {08B5C41E-16EA-4505-A68E-130745144BF5}
	EndGlobalSection
EndGlobal
