
Microsoft Visual Studio Solution File, Format Version 12.00
Project("{FAE04EC0-301F-11D3-BF4B-00C04F79EFBC}") = "RacingCar", "RacingCar\RacingCar.csproj", "{A54CF461-2ACE-48E8-837B-444456DA682C}"
EndProject
Global
	GlobalSection(SolutionConfigurationPlatforms) = preSolution
		Debug|Any CPU = Debug|Any CPU
		Release|Any CPU = Release|Any CPU
	EndGlobalSection
	GlobalSection(ProjectConfigurationPlatforms) = postSolution
		{A54CF461-2ACE-48E8-837B-444456DA682C}.Debug|Any CPU.ActiveCfg = Debug|Any CPU
		{A54CF461-2ACE-48E8-837B-444456DA682C}.Debug|Any CPU.Build.0 = Debug|Any CPU
		{A54CF461-2ACE-48E8-837B-444456DA682C}.Release|Any CPU.ActiveCfg = Release|Any CPU
		{A54CF461-2ACE-48E8-837B-444456DA682C}.Release|Any CPU.Build.0 = Release|Any CPU
	EndGlobalSection
EndGlobal
